
Microsoft Visual Studio Solution File, Format Version 12.00
# Visual Studio Version 16
VisualStudioVersion = 16.0.29123.88
MinimumVisualStudioVersion = 10.0.40219.1
Project("{FAE04EC0-301F-11D3-BF4B-00C04F79EFBC}") = "MovieMemory", "MovieMemory\MovieMemory.csproj", "{B5CD60E7-14C8-4279-8B2F-80BC29D91A0A}"
EndProject
Global
	GlobalSection(SolutionConfigurationPlatforms) = preSolution
		Debug|Any CPU = Debug|Any CPU
		Release|Any CPU = Release|Any CPU
	EndGlobalSection
	GlobalSection(ProjectConfigurationPlatforms) = postSolution
		{B5CD60E7-14C8-4279-8B2F-80BC29D91A0A}.Debug|Any CPU.ActiveCfg = Debug|Any CPU
		{B5CD60E7-14C8-4279-8B2F-80BC29D91A0A}.Debug|Any CPU.Build.0 = Debug|Any CPU
		{B5CD60E7-14C8-4279-8B2F-80BC29D91A0A}.Release|Any CPU.ActiveCfg = Release|Any CPU
		{B5CD60E7-14C8-4279-8B2F-80BC29D91A0A}.Release|Any CPU.Build.0 = Release|Any CPU
	EndGlobalSection
	GlobalSection(SolutionProperties) = preSolution
		HideSolutionNode = FALSE
	EndGlobalSection
	GlobalSection(ExtensibilityGlobals) = postSolution
		SolutionGuid = {FD9A787E-78E4-46A5-BFF3-8CCF6C1058E7}
	EndGlobalSection
EndGlobal
